{"is_source_file": false, "format": "", "description": "", "external_files": [], "external_methods": [], "published": [], "classes": [], "methods": [], "calls": [], "search-terms": [], "state": 2, "file_id": 55, "knowledge_revision": 304, "git_revision": "ad5fe58510124e51c259123f3cfcf96debb9cecc", "hash": "e9b4c3b42cef0193b7fddb548d37e652", "format-version": 4, "code-base-name": "default", "filename": "codequest_arena/post_process_status.lock", "revision_history": [{"304": "ad5fe58510124e51c259123f3cfcf96debb9cecc"}]}